// !$*UTF8*$!
{
	archiveVersion = 1;
	classes = {
	};
	objectVersion = 56;
	objects = {

/* Begin PBXBuildFile section */
		830F479129E9311800697C34 /* AddTripVC.swift in Sources */ = {isa = PBXBuildFile; fileRef = 830F479029E9311800697C34 /* AddTripVC.swift */; };
		8323F6EC29E587B800CBDFB5 /* GoogleService-Info.plist in Resources */ = {isa = PBXBuildFile; fileRef = 8323F6EB29E587B800CBDFB5 /* GoogleService-Info.plist */; };
		8323F6EE29E58CBD00CBDFB5 /* UserService.swift in Sources */ = {isa = PBXBuildFile; fileRef = 8323F6ED29E58CBD00CBDFB5 /* UserService.swift */; };
		8323F6F029E5908600CBDFB5 /* User.swift in Sources */ = {isa = PBXBuildFile; fileRef = 8323F6EF29E5908600CBDFB5 /* User.swift */; };
		832A841829F018EB0074DC14 /* EditProfileVC.swift in Sources */ = {isa = PBXBuildFile; fileRef = 832A841729F018EB0074DC14 /* EditProfileVC.swift */; };
		832A841A29F01D360074DC14 /* Constant.swift in Sources */ = {isa = PBXBuildFile; fileRef = 832A841929F01D360074DC14 /* Constant.swift */; };
		8361E03229E5522900EE7D2B /* AppDelegate.swift in Sources */ = {isa = PBXBuildFile; fileRef = 8361E03129E5522900EE7D2B /* AppDelegate.swift */; };
		8361E03429E5522900EE7D2B /* SceneDelegate.swift in Sources */ = {isa = PBXBuildFile; fileRef = 8361E03329E5522900EE7D2B /* SceneDelegate.swift */; };
		8361E03629E5522900EE7D2B /* WelcomeVC.swift in Sources */ = {isa = PBXBuildFile; fileRef = 8361E03529E5522900EE7D2B /* WelcomeVC.swift */; };
		8361E03929E5522900EE7D2B /* Main.storyboard in Resources */ = {isa = PBXBuildFile; fileRef = 8361E03729E5522900EE7D2B /* Main.storyboard */; };
		8361E03B29E5522A00EE7D2B /* Assets.xcassets in Resources */ = {isa = PBXBuildFile; fileRef = 8361E03A29E5522A00EE7D2B /* Assets.xcassets */; };
		8361E03E29E5522A00EE7D2B /* LaunchScreen.storyboard in Resources */ = {isa = PBXBuildFile; fileRef = 8361E03C29E5522A00EE7D2B /* LaunchScreen.storyboard */; };
		8361E04B29E585A400EE7D2B /* FirebaseAnalytics in Frameworks */ = {isa = PBXBuildFile; productRef = 8361E04A29E585A400EE7D2B /* FirebaseAnalytics */; };
		8361E04D29E585A400EE7D2B /* FirebaseAnalyticsSwift in Frameworks */ = {isa = PBXBuildFile; productRef = 8361E04C29E585A400EE7D2B /* FirebaseAnalyticsSwift */; };
		8361E04F29E585A400EE7D2B /* FirebaseAuth in Frameworks */ = {isa = PBXBuildFile; productRef = 8361E04E29E585A400EE7D2B /* FirebaseAuth */; };
		8361E05129E585A400EE7D2B /* FirebaseCrashlytics in Frameworks */ = {isa = PBXBuildFile; productRef = 8361E05029E585A400EE7D2B /* FirebaseCrashlytics */; };
		8361E05329E585A400EE7D2B /* FirebaseFirestore in Frameworks */ = {isa = PBXBuildFile; productRef = 8361E05229E585A400EE7D2B /* FirebaseFirestore */; };
		8361E05529E585A400EE7D2B /* FirebaseFirestoreSwift in Frameworks */ = {isa = PBXBuildFile; productRef = 8361E05429E585A400EE7D2B /* FirebaseFirestoreSwift */; };
		8361E05729E585A400EE7D2B /* FirebaseStorage in Frameworks */ = {isa = PBXBuildFile; productRef = 8361E05629E585A400EE7D2B /* FirebaseStorage */; };
		8388260C29E68FBA003EBCC1 /* CreateAccountVC.swift in Sources */ = {isa = PBXBuildFile; fileRef = 8388260B29E68FBA003EBCC1 /* CreateAccountVC.swift */; };
		8388260E29E6931A003EBCC1 /* Extension.swift in Sources */ = {isa = PBXBuildFile; fileRef = 8388260D29E6931A003EBCC1 /* Extension.swift */; };
		8388261029E6A2F9003EBCC1 /* ProfileVC.swift in Sources */ = {isa = PBXBuildFile; fileRef = 8388260F29E6A2F9003EBCC1 /* ProfileVC.swift */; };
		83C20F8A29ED6B3A009B252B /* SettingsViewController.swift in Sources */ = {isa = PBXBuildFile; fileRef = 83C20F8929ED6B3A009B252B /* SettingsViewController.swift */; };
		83C20F8E29EE6C54009B252B /* Theme.swift in Sources */ = {isa = PBXBuildFile; fileRef = 83C20F8D29EE6C54009B252B /* Theme.swift */; };
/* End PBXBuildFile section */

/* Begin PBXFileReference section */
		830F479029E9311800697C34 /* AddTripVC.swift */ = {isa = PBXFileReference; lastKnownFileType = sourcecode.swift; path = AddTripVC.swift; sourceTree = "<group>"; };
		8323F6EB29E587B800CBDFB5 /* GoogleService-Info.plist */ = {isa = PBXFileReference; fileEncoding = 4; lastKnownFileType = text.plist.xml; path = "GoogleService-Info.plist"; sourceTree = "<group>"; };
		8323F6ED29E58CBD00CBDFB5 /* UserService.swift */ = {isa = PBXFileReference; lastKnownFileType = sourcecode.swift; path = UserService.swift; sourceTree = "<group>"; };
		8323F6EF29E5908600CBDFB5 /* User.swift */ = {isa = PBXFileReference; lastKnownFileType = sourcecode.swift; path = User.swift; sourceTree = "<group>"; };
		832A841729F018EB0074DC14 /* EditProfileVC.swift */ = {isa = PBXFileReference; lastKnownFileType = sourcecode.swift; path = EditProfileVC.swift; sourceTree = "<group>"; };
		832A841929F01D360074DC14 /* Constant.swift */ = {isa = PBXFileReference; lastKnownFileType = sourcecode.swift; path = Constant.swift; sourceTree = "<group>"; };
		8361E02E29E5522900EE7D2B /* Amigo.app */ = {isa = PBXFileReference; explicitFileType = wrapper.application; includeInIndex = 0; path = Amigo.app; sourceTree = BUILT_PRODUCTS_DIR; };
		8361E03129E5522900EE7D2B /* AppDelegate.swift */ = {isa = PBXFileReference; lastKnownFileType = sourcecode.swift; path = AppDelegate.swift; sourceTree = "<group>"; };
		8361E03329E5522900EE7D2B /* SceneDelegate.swift */ = {isa = PBXFileReference; lastKnownFileType = sourcecode.swift; path = SceneDelegate.swift; sourceTree = "<group>"; };
		8361E03529E5522900EE7D2B /* WelcomeVC.swift */ = {isa = PBXFileReference; lastKnownFileType = sourcecode.swift; path = WelcomeVC.swift; sourceTree = "<group>"; };
		8361E03829E5522900EE7D2B /* Base */ = {isa = PBXFileReference; lastKnownFileType = file.storyboard; name = Base; path = Base.lproj/Main.storyboard; sourceTree = "<group>"; };
		8361E03A29E5522A00EE7D2B /* Assets.xcassets */ = {isa = PBXFileReference; lastKnownFileType = folder.assetcatalog; path = Assets.xcassets; sourceTree = "<group>"; };
		8361E03D29E5522A00EE7D2B /* Base */ = {isa = PBXFileReference; lastKnownFileType = file.storyboard; name = Base; path = Base.lproj/LaunchScreen.storyboard; sourceTree = "<group>"; };
		8361E03F29E5522A00EE7D2B /* Info.plist */ = {isa = PBXFileReference; lastKnownFileType = text.plist.xml; path = Info.plist; sourceTree = "<group>"; };
		8388260B29E68FBA003EBCC1 /* CreateAccountVC.swift */ = {isa = PBXFileReference; lastKnownFileType = sourcecode.swift; path = CreateAccountVC.swift; sourceTree = "<group>"; };
		8388260D29E6931A003EBCC1 /* Extension.swift */ = {isa = PBXFileReference; lastKnownFileType = sourcecode.swift; path = Extension.swift; sourceTree = "<group>"; };
		8388260F29E6A2F9003EBCC1 /* ProfileVC.swift */ = {isa = PBXFileReference; lastKnownFileType = sourcecode.swift; path = ProfileVC.swift; sourceTree = "<group>"; };
		83C20F8929ED6B3A009B252B /* SettingsViewController.swift */ = {isa = PBXFileReference; lastKnownFileType = sourcecode.swift; path = SettingsViewController.swift; sourceTree = "<group>"; };
		83C20F8D29EE6C54009B252B /* Theme.swift */ = {isa = PBXFileReference; lastKnownFileType = sourcecode.swift; path = Theme.swift; sourceTree = "<group>"; };
/* End PBXFileReference section */

/* Begin PBXFrameworksBuildPhase section */
		8361E02B29E5522900EE7D2B /* Frameworks */ = {
			isa = PBXFrameworksBuildPhase;
			buildActionMask = 2147483647;
			files = (
				8361E04D29E585A400EE7D2B /* FirebaseAnalyticsSwift in Frameworks */,
				8361E05129E585A400EE7D2B /* FirebaseCrashlytics in Frameworks */,
				8361E04F29E585A400EE7D2B /* FirebaseAuth in Frameworks */,
				8361E05329E585A400EE7D2B /* FirebaseFirestore in Frameworks */,
				8361E05729E585A400EE7D2B /* FirebaseStorage in Frameworks */,
				8361E04B29E585A400EE7D2B /* FirebaseAnalytics in Frameworks */,
				8361E05529E585A400EE7D2B /* FirebaseFirestoreSwift in Frameworks */,
			);
			runOnlyForDeploymentPostprocessing = 0;
		};
/* End PBXFrameworksBuildPhase section */

/* Begin PBXGroup section */
		8361E02529E5522900EE7D2B = {
			isa = PBXGroup;
			children = (
				8361E03029E5522900EE7D2B /* Amigo */,
				8361E02F29E5522900EE7D2B /* Products */,
			);
			sourceTree = "<group>";
		};
		8361E02F29E5522900EE7D2B /* Products */ = {
			isa = PBXGroup;
			children = (
				8361E02E29E5522900EE7D2B /* Amigo.app */,
			);
			name = Products;
			sourceTree = "<group>";
		};
		8361E03029E5522900EE7D2B /* Amigo */ = {
			isa = PBXGroup;
			children = (
				8361E04829E5527700EE7D2B /* Controller */,
				8361E04629E5526F00EE7D2B /* Model */,
				8361E04729E5527300EE7D2B /* View */,
				8361E04529E5524100EE7D2B /* Ressources */,
			);
			path = Amigo;
			sourceTree = "<group>";
		};
		8361E04529E5524100EE7D2B /* Ressources */ = {
			isa = PBXGroup;
			children = (
				832A841929F01D360074DC14 /* Constant.swift */,
				8361E03129E5522900EE7D2B /* AppDelegate.swift */,
				8361E03329E5522900EE7D2B /* SceneDelegate.swift */,
				8361E03A29E5522A00EE7D2B /* Assets.xcassets */,
				8361E03F29E5522A00EE7D2B /* Info.plist */,
				8323F6EB29E587B800CBDFB5 /* GoogleService-Info.plist */,
			);
			path = Ressources;
			sourceTree = "<group>";
		};
		8361E04629E5526F00EE7D2B /* Model */ = {
			isa = PBXGroup;
			children = (
				8323F6ED29E58CBD00CBDFB5 /* UserService.swift */,
				8323F6EF29E5908600CBDFB5 /* User.swift */,
				8388260D29E6931A003EBCC1 /* Extension.swift */,
				83C20F8D29EE6C54009B252B /* Theme.swift */,
			);
			path = Model;
			sourceTree = "<group>";
		};
		8361E04729E5527300EE7D2B /* View */ = {
			isa = PBXGroup;
			children = (
				8361E03729E5522900EE7D2B /* Main.storyboard */,
				8361E03C29E5522A00EE7D2B /* LaunchScreen.storyboard */,
			);
			path = View;
			sourceTree = "<group>";
		};
		8361E04829E5527700EE7D2B /* Controller */ = {
			isa = PBXGroup;
			children = (
				8361E03529E5522900EE7D2B /* WelcomeVC.swift */,
				8388260B29E68FBA003EBCC1 /* CreateAccountVC.swift */,
				8388260F29E6A2F9003EBCC1 /* ProfileVC.swift */,
				830F479029E9311800697C34 /* AddTripVC.swift */,
				83C20F8929ED6B3A009B252B /* SettingsViewController.swift */,
				832A841729F018EB0074DC14 /* EditProfileVC.swift */,
			);
			path = Controller;
			sourceTree = "<group>";
		};
/* End PBXGroup section */

/* Begin PBXNativeTarget section */
		8361E02D29E5522900EE7D2B /* Amigo */ = {
			isa = PBXNativeTarget;
			buildConfigurationList = 8361E04229E5522A00EE7D2B /* Build configuration list for PBXNativeTarget "Amigo" */;
			buildPhases = (
				8361E02A29E5522900EE7D2B /* Sources */,
				8361E02B29E5522900EE7D2B /* Frameworks */,
				8361E02C29E5522900EE7D2B /* Resources */,
			);
			buildRules = (
			);
			dependencies = (
			);
			name = Amigo;
			packageProductDependencies = (
				8361E04A29E585A400EE7D2B /* FirebaseAnalytics */,
				8361E04C29E585A400EE7D2B /* FirebaseAnalyticsSwift */,
				8361E04E29E585A400EE7D2B /* FirebaseAuth */,
				8361E05029E585A400EE7D2B /* FirebaseCrashlytics */,
				8361E05229E585A400EE7D2B /* FirebaseFirestore */,
				8361E05429E585A400EE7D2B /* FirebaseFirestoreSwift */,
				8361E05629E585A400EE7D2B /* FirebaseStorage */,
			);
			productName = Amigo;
			productReference = 8361E02E29E5522900EE7D2B /* Amigo.app */;
			productType = "com.apple.product-type.application";
		};
/* End PBXNativeTarget section */

/* Begin PBXProject section */
		8361E02629E5522900EE7D2B /* Project object */ = {
			isa = PBXProject;
			attributes = {
				BuildIndependentTargetsInParallel = 1;
				LastSwiftUpdateCheck = 1420;
				LastUpgradeCheck = 1420;
				TargetAttributes = {
					8361E02D29E5522900EE7D2B = {
						CreatedOnToolsVersion = 14.2;
					};
				};
			};
			buildConfigurationList = 8361E02929E5522900EE7D2B /* Build configuration list for PBXProject "Amigo" */;
			compatibilityVersion = "Xcode 14.0";
			developmentRegion = en;
			hasScannedForEncodings = 0;
			knownRegions = (
				en,
				Base,
			);
			mainGroup = 8361E02529E5522900EE7D2B;
			packageReferences = (
				8361E04929E585A400EE7D2B /* XCRemoteSwiftPackageReference "firebase-ios-sdk" */,
			);
			productRefGroup = 8361E02F29E5522900EE7D2B /* Products */;
			projectDirPath = "";
			projectRoot = "";
			targets = (
				8361E02D29E5522900EE7D2B /* Amigo */,
			);
		};
/* End PBXProject section */

/* Begin PBXResourcesBuildPhase section */
		8361E02C29E5522900EE7D2B /* Resources */ = {
			isa = PBXResourcesBuildPhase;
			buildActionMask = 2147483647;
			files = (
				8361E03E29E5522A00EE7D2B /* LaunchScreen.storyboard in Resources */,
				8323F6EC29E587B800CBDFB5 /* GoogleService-Info.plist in Resources */,
				8361E03B29E5522A00EE7D2B /* Assets.xcassets in Resources */,
				8361E03929E5522900EE7D2B /* Main.storyboard in Resources */,
			);
			runOnlyForDeploymentPostprocessing = 0;
		};
/* End PBXResourcesBuildPhase section */

/* Begin PBXSourcesBuildPhase section */
		8361E02A29E5522900EE7D2B /* Sources */ = {
			isa = PBXSourcesBuildPhase;
			buildActionMask = 2147483647;
			files = (
				8361E03629E5522900EE7D2B /* WelcomeVC.swift in Sources */,
				8388261029E6A2F9003EBCC1 /* ProfileVC.swift in Sources */,
				83C20F8A29ED6B3A009B252B /* SettingsViewController.swift in Sources */,
				8361E03229E5522900EE7D2B /* AppDelegate.swift in Sources */,
				83C20F8E29EE6C54009B252B /* Theme.swift in Sources */,
				8388260E29E6931A003EBCC1 /* Extension.swift in Sources */,
				8388260C29E68FBA003EBCC1 /* CreateAccountVC.swift in Sources */,
				8361E03429E5522900EE7D2B /* SceneDelegate.swift in Sources */,
				830F479129E9311800697C34 /* AddTripVC.swift in Sources */,
				832A841A29F01D360074DC14 /* Constant.swift in Sources */,
				8323F6F029E5908600CBDFB5 /* User.swift in Sources */,
				832A841829F018EB0074DC14 /* EditProfileVC.swift in Sources */,
				8323F6EE29E58CBD00CBDFB5 /* UserService.swift in Sources */,
			);
			runOnlyForDeploymentPostprocessing = 0;
		};
/* End PBXSourcesBuildPhase section */

/* Begin PBXVariantGroup section */
		8361E03729E5522900EE7D2B /* Main.storyboard */ = {
			isa = PBXVariantGroup;
			children = (
				8361E03829E5522900EE7D2B /* Base */,
			);
			name = Main.storyboard;
			sourceTree = "<group>";
		};
		8361E03C29E5522A00EE7D2B /* LaunchScreen.storyboard */ = {
			isa = PBXVariantGroup;
			children = (
				8361E03D29E5522A00EE7D2B /* Base */,
			);
			name = LaunchScreen.storyboard;
			sourceTree = "<group>";
		};
/* End PBXVariantGroup section */

/* Begin XCBuildConfiguration section */
		8361E04029E5522A00EE7D2B /* Debug */ = {
			isa = XCBuildConfiguration;
			buildSettings = {
				ALWAYS_SEARCH_USER_PATHS = NO;
				CLANG_ANALYZER_NONNULL = YES;
				CLANG_ANALYZER_NUMBER_OBJECT_CONVERSION = YES_AGGRESSIVE;
				CLANG_CXX_LANGUAGE_STANDARD = "gnu++20";
				CLANG_ENABLE_MODULES = YES;
				CLANG_ENABLE_OBJC_ARC = YES;
				CLANG_ENABLE_OBJC_WEAK = YES;
				CLANG_WARN_BLOCK_CAPTURE_AUTORELEASING = YES;
				CLANG_WARN_BOOL_CONVERSION = YES;
				CLANG_WARN_COMMA = YES;
				CLANG_WARN_CONSTANT_CONVERSION = YES;
				CLANG_WARN_DEPRECATED_OBJC_IMPLEMENTATIONS = YES;
				CLANG_WARN_DIRECT_OBJC_ISA_USAGE = YES_ERROR;
				CLANG_WARN_DOCUMENTATION_COMMENTS = YES;
				CLANG_WARN_EMPTY_BODY = YES;
				CLANG_WARN_ENUM_CONVERSION = YES;
				CLANG_WARN_INFINITE_RECURSION = YES;
				CLANG_WARN_INT_CONVERSION = YES;
				CLANG_WARN_NON_LITERAL_NULL_CONVERSION = YES;
				CLANG_WARN_OBJC_IMPLICIT_RETAIN_SELF = YES;
				CLANG_WARN_OBJC_LITERAL_CONVERSION = YES;
				CLANG_WARN_OBJC_ROOT_CLASS = YES_ERROR;
				CLANG_WARN_QUOTED_INCLUDE_IN_FRAMEWORK_HEADER = YES;
				CLANG_WARN_RANGE_LOOP_ANALYSIS = YES;
				CLANG_WARN_STRICT_PROTOTYPES = YES;
				CLANG_WARN_SUSPICIOUS_MOVE = YES;
				CLANG_WARN_UNGUARDED_AVAILABILITY = YES_AGGRESSIVE;
				CLANG_WARN_UNREACHABLE_CODE = YES;
				CLANG_WARN__DUPLICATE_METHOD_MATCH = YES;
				COPY_PHASE_STRIP = NO;
				DEBUG_INFORMATION_FORMAT = dwarf;
				ENABLE_STRICT_OBJC_MSGSEND = YES;
				ENABLE_TESTABILITY = YES;
				GCC_C_LANGUAGE_STANDARD = gnu11;
				GCC_DYNAMIC_NO_PIC = NO;
				GCC_NO_COMMON_BLOCKS = YES;
				GCC_OPTIMIZATION_LEVEL = 0;
				GCC_PREPROCESSOR_DEFINITIONS = (
					"DEBUG=1",
					"$(inherited)",
				);
				GCC_WARN_64_TO_32_BIT_CONVERSION = YES;
				GCC_WARN_ABOUT_RETURN_TYPE = YES_ERROR;
				GCC_WARN_UNDECLARED_SELECTOR = YES;
				GCC_WARN_UNINITIALIZED_AUTOS = YES_AGGRESSIVE;
				GCC_WARN_UNUSED_FUNCTION = YES;
				GCC_WARN_UNUSED_VARIABLE = YES;
				IPHONEOS_DEPLOYMENT_TARGET = 14.0;
				MTL_ENABLE_DEBUG_INFO = INCLUDE_SOURCE;
				MTL_FAST_MATH = YES;
				ONLY_ACTIVE_ARCH = YES;
				SDKROOT = iphoneos;
				SWIFT_ACTIVE_COMPILATION_CONDITIONS = DEBUG;
				SWIFT_OPTIMIZATION_LEVEL = "-Onone";
			};
			name = Debug;
		};
		8361E04129E5522A00EE7D2B /* Release */ = {
			isa = XCBuildConfiguration;
			buildSettings = {
				ALWAYS_SEARCH_USER_PATHS = NO;
				CLANG_ANALYZER_NONNULL = YES;
				CLANG_ANALYZER_NUMBER_OBJECT_CONVERSION = YES_AGGRESSIVE;
				CLANG_CXX_LANGUAGE_STANDARD = "gnu++20";
				CLANG_ENABLE_MODULES = YES;
				CLANG_ENABLE_OBJC_ARC = YES;
				CLANG_ENABLE_OBJC_WEAK = YES;
				CLANG_WARN_BLOCK_CAPTURE_AUTORELEASING = YES;
				CLANG_WARN_BOOL_CONVERSION = YES;
				CLANG_WARN_COMMA = YES;
				CLANG_WARN_CONSTANT_CONVERSION = YES;
				CLANG_WARN_DEPRECATED_OBJC_IMPLEMENTATIONS = YES;
				CLANG_WARN_DIRECT_OBJC_ISA_USAGE = YES_ERROR;
				CLANG_WARN_DOCUMENTATION_COMMENTS = YES;
				CLANG_WARN_EMPTY_BODY = YES;
				CLANG_WARN_ENUM_CONVERSION = YES;
				CLANG_WARN_INFINITE_RECURSION = YES;
				CLANG_WARN_INT_CONVERSION = YES;
				CLANG_WARN_NON_LITERAL_NULL_CONVERSION = YES;
				CLANG_WARN_OBJC_IMPLICIT_RETAIN_SELF = YES;
				CLANG_WARN_OBJC_LITERAL_CONVERSION = YES;
				CLANG_WARN_OBJC_ROOT_CLASS = YES_ERROR;
				CLANG_WARN_QUOTED_INCLUDE_IN_FRAMEWORK_HEADER = YES;
				CLANG_WARN_RANGE_LOOP_ANALYSIS = YES;
				CLANG_WARN_STRICT_PROTOTYPES = YES;
				CLANG_WARN_SUSPICIOUS_MOVE = YES;
				CLANG_WARN_UNGUARDED_AVAILABILITY = YES_AGGRESSIVE;
				CLANG_WARN_UNREACHABLE_CODE = YES;
				CLANG_WARN__DUPLICATE_METHOD_MATCH = YES;
				COPY_PHASE_STRIP = NO;
				DEBUG_INFORMATION_FORMAT = "dwarf-with-dsym";
				ENABLE_NS_ASSERTIONS = NO;
				ENABLE_STRICT_OBJC_MSGSEND = YES;
				GCC_C_LANGUAGE_STANDARD = gnu11;
				GCC_NO_COMMON_BLOCKS = YES;
				GCC_WARN_64_TO_32_BIT_CONVERSION = YES;
				GCC_WARN_ABOUT_RETURN_TYPE = YES_ERROR;
				GCC_WARN_UNDECLARED_SELECTOR = YES;
				GCC_WARN_UNINITIALIZED_AUTOS = YES_AGGRESSIVE;
				GCC_WARN_UNUSED_FUNCTION = YES;
				GCC_WARN_UNUSED_VARIABLE = YES;
				IPHONEOS_DEPLOYMENT_TARGET = 14.0;
				MTL_ENABLE_DEBUG_INFO = NO;
				MTL_FAST_MATH = YES;
				SDKROOT = iphoneos;
				SWIFT_COMPILATION_MODE = wholemodule;
				SWIFT_OPTIMIZATION_LEVEL = "-O";
				VALIDATE_PRODUCT = YES;
			};
			name = Release;
		};
		8361E04329E5522A00EE7D2B /* Debug */ = {
			isa = XCBuildConfiguration;
			buildSettings = {
				ASSETCATALOG_COMPILER_APPICON_NAME = AppIcon;
				ASSETCATALOG_COMPILER_GLOBAL_ACCENT_COLOR_NAME = AccentColor;
				CODE_SIGN_STYLE = Automatic;
				CURRENT_PROJECT_VERSION = 1;
				DEVELOPMENT_TEAM = UF8VBT3FGJ;
				GENERATE_INFOPLIST_FILE = YES;
				INFOPLIST_FILE = Amigo/Ressources/Info.plist;
				INFOPLIST_KEY_UIApplicationSupportsIndirectInputEvents = YES;
				INFOPLIST_KEY_UILaunchStoryboardName = LaunchScreen;
				INFOPLIST_KEY_UIMainStoryboardFile = Main;
				INFOPLIST_KEY_UISupportedInterfaceOrientations = UIInterfaceOrientationPortrait;
				INFOPLIST_KEY_UISupportedInterfaceOrientations_iPad = "UIInterfaceOrientationLandscapeLeft UIInterfaceOrientationLandscapeRight UIInterfaceOrientationPortrait UIInterfaceOrientationPortraitUpsideDown";
				IPHONEOS_DEPLOYMENT_TARGET = 14.0;
				LD_RUNPATH_SEARCH_PATHS = (
					"$(inherited)",
					"@executable_path/Frameworks",
				);
				MARKETING_VERSION = 1.0;
				PRODUCT_BUNDLE_IDENTIFIER = com.mickaelhorn.Amigo;
				PRODUCT_NAME = "$(TARGET_NAME)";
				SWIFT_EMIT_LOC_STRINGS = YES;
				SWIFT_VERSION = 5.0;
				TARGETED_DEVICE_FAMILY = "1,2";
			};
			name = Debug;
		};
		8361E04429E5522A00EE7D2B /* Release */ = {
			isa = XCBuildConfiguration;
			buildSettings = {
				ASSETCATALOG_COMPILER_APPICON_NAME = AppIcon;
				ASSETCATALOG_COMPILER_GLOBAL_ACCENT_COLOR_NAME = AccentColor;
				CODE_SIGN_STYLE = Automatic;
				CURRENT_PROJECT_VERSION = 1;
				DEVELOPMENT_TEAM = UF8VBT3FGJ;
				GENERATE_INFOPLIST_FILE = YES;
				INFOPLIST_FILE = Amigo/Ressources/Info.plist;
				INFOPLIST_KEY_UIApplicationSupportsIndirectInputEvents = YES;
				INFOPLIST_KEY_UILaunchStoryboardName = LaunchScreen;
				INFOPLIST_KEY_UIMainStoryboardFile = Main;
				INFOPLIST_KEY_UISupportedInterfaceOrientations = UIInterfaceOrientationPortrait;
				INFOPLIST_KEY_UISupportedInterfaceOrientations_iPad = "UIInterfaceOrientationLandscapeLeft UIInterfaceOrientationLandscapeRight UIInterfaceOrientationPortrait UIInterfaceOrientationPortraitUpsideDown";
				IPHONEOS_DEPLOYMENT_TARGET = 14.0;
				LD_RUNPATH_SEARCH_PATHS = (
					"$(inherited)",
					"@executable_path/Frameworks",
				);
				MARKETING_VERSION = 1.0;
				PRODUCT_BUNDLE_IDENTIFIER = com.mickaelhorn.Amigo;
				PRODUCT_NAME = "$(TARGET_NAME)";
				SWIFT_EMIT_LOC_STRINGS = YES;
				SWIFT_VERSION = 5.0;
				TARGETED_DEVICE_FAMILY = "1,2";
			};
			name = Release;
		};
/* End XCBuildConfiguration section */

/* Begin XCConfigurationList section */
		8361E02929E5522900EE7D2B /* Build configuration list for PBXProject "Amigo" */ = {
			isa = XCConfigurationList;
			buildConfigurations = (
				8361E04029E5522A00EE7D2B /* Debug */,
				8361E04129E5522A00EE7D2B /* Release */,
			);
			defaultConfigurationIsVisible = 0;
			defaultConfigurationName = Release;
		};
		8361E04229E5522A00EE7D2B /* Build configuration list for PBXNativeTarget "Amigo" */ = {
			isa = XCConfigurationList;
			buildConfigurations = (
				8361E04329E5522A00EE7D2B /* Debug */,
				8361E04429E5522A00EE7D2B /* Release */,
			);
			defaultConfigurationIsVisible = 0;
			defaultConfigurationName = Release;
		};
/* End XCConfigurationList section */

/* Begin XCRemoteSwiftPackageReference section */
		8361E04929E585A400EE7D2B /* XCRemoteSwiftPackageReference "firebase-ios-sdk" */ = {
			isa = XCRemoteSwiftPackageReference;
			repositoryURL = "https://github.com/firebase/firebase-ios-sdk.git";
			requirement = {
				kind = upToNextMajorVersion;
				minimumVersion = 9.0.0;
			};
		};
/* End XCRemoteSwiftPackageReference section */

/* Begin XCSwiftPackageProductDependency section */
		8361E04A29E585A400EE7D2B /* FirebaseAnalytics */ = {
			isa = XCSwiftPackageProductDependency;
			package = 8361E04929E585A400EE7D2B /* XCRemoteSwiftPackageReference "firebase-ios-sdk" */;
			productName = FirebaseAnalytics;
		};
		8361E04C29E585A400EE7D2B /* FirebaseAnalyticsSwift */ = {
			isa = XCSwiftPackageProductDependency;
			package = 8361E04929E585A400EE7D2B /* XCRemoteSwiftPackageReference "firebase-ios-sdk" */;
			productName = FirebaseAnalyticsSwift;
		};
		8361E04E29E585A400EE7D2B /* FirebaseAuth */ = {
			isa = XCSwiftPackageProductDependency;
			package = 8361E04929E585A400EE7D2B /* XCRemoteSwiftPackageReference "firebase-ios-sdk" */;
			productName = FirebaseAuth;
		};
		8361E05029E585A400EE7D2B /* FirebaseCrashlytics */ = {
			isa = XCSwiftPackageProductDependency;
			package = 8361E04929E585A400EE7D2B /* XCRemoteSwiftPackageReference "firebase-ios-sdk" */;
			productName = FirebaseCrashlytics;
		};
		8361E05229E585A400EE7D2B /* FirebaseFirestore */ = {
			isa = XCSwiftPackageProductDependency;
			package = 8361E04929E585A400EE7D2B /* XCRemoteSwiftPackageReference "firebase-ios-sdk" */;
			productName = FirebaseFirestore;
		};
		8361E05429E585A400EE7D2B /* FirebaseFirestoreSwift */ = {
			isa = XCSwiftPackageProductDependency;
			package = 8361E04929E585A400EE7D2B /* XCRemoteSwiftPackageReference "firebase-ios-sdk" */;
			productName = FirebaseFirestoreSwift;
		};
		8361E05629E585A400EE7D2B /* FirebaseStorage */ = {
			isa = XCSwiftPackageProductDependency;
			package = 8361E04929E585A400EE7D2B /* XCRemoteSwiftPackageReference "firebase-ios-sdk" */;
			productName = FirebaseStorage;
		};
/* End XCSwiftPackageProductDependency section */
	};
	rootObject = 8361E02629E5522900EE7D2B /* Project object */;
}
