// !$*UTF8*$!
{
	archiveVersion = 1;
	classes = {
	};
	objectVersion = 56;
	objects = {

/* Begin PBXBuildFile section */
		8300096029F6B4D7006DBD54 /* CreateTripVC.swift in Sources */ = {isa = PBXBuildFile; fileRef = 8300095F29F6B4D7006DBD54 /* CreateTripVC.swift */; };
		8300096229F6BBD2006DBD54 /* CountryPickerVC.swift in Sources */ = {isa = PBXBuildFile; fileRef = 8300096129F6BBD2006DBD54 /* CountryPickerVC.swift */; };
		8300096529F8FF2F006DBD54 /* UserCreationService.swift in Sources */ = {isa = PBXBuildFile; fileRef = 8300096429F8FF2F006DBD54 /* UserCreationService.swift */; };
		8300096729F90598006DBD54 /* UserAuthService.swift in Sources */ = {isa = PBXBuildFile; fileRef = 8300096629F90598006DBD54 /* UserAuthService.swift */; };
		8300096929F905CA006DBD54 /* UserFetchingService.swift in Sources */ = {isa = PBXBuildFile; fileRef = 8300096829F905CA006DBD54 /* UserFetchingService.swift */; };
		8300096B29F905EB006DBD54 /* UserUpdatingService.swift in Sources */ = {isa = PBXBuildFile; fileRef = 8300096A29F905EB006DBD54 /* UserUpdatingService.swift */; };
		8300097129F907D2006DBD54 /* Errors.swift in Sources */ = {isa = PBXBuildFile; fileRef = 8300097029F907D2006DBD54 /* Errors.swift */; };
		8300097829FA96ED006DBD54 /* Trip.swift in Sources */ = {isa = PBXBuildFile; fileRef = 8300097729FA96ED006DBD54 /* Trip.swift */; };
		8300097B29FAA580006DBD54 /* TripCreationService.swift in Sources */ = {isa = PBXBuildFile; fileRef = 8300097A29FAA580006DBD54 /* TripCreationService.swift */; };
		8300097D29FB9EF6006DBD54 /* TripFetchingService.swift in Sources */ = {isa = PBXBuildFile; fileRef = 8300097C29FB9EF6006DBD54 /* TripFetchingService.swift */; };
		8300098129FFA1BC006DBD54 /* TripTableViewCell.xib in Resources */ = {isa = PBXBuildFile; fileRef = 8300098029FFA1BC006DBD54 /* TripTableViewCell.xib */; };
		8300098329FFB97A006DBD54 /* TripTableViewCell.swift in Sources */ = {isa = PBXBuildFile; fileRef = 8300098229FFB97A006DBD54 /* TripTableViewCell.swift */; };
		830F479129E9311800697C34 /* TripVC.swift in Sources */ = {isa = PBXBuildFile; fileRef = 830F479029E9311800697C34 /* TripVC.swift */; };
		83124AD02A155BF900565F24 /* UserManagement.swift in Sources */ = {isa = PBXBuildFile; fileRef = 83124ACF2A155BF900565F24 /* UserManagement.swift */; };
		83124ADF2A166ACE00565F24 /* UserTests.swift in Sources */ = {isa = PBXBuildFile; fileRef = 83124ADE2A166ACE00565F24 /* UserTests.swift */; };
		8323F6EC29E587B800CBDFB5 /* GoogleService-Info.plist in Resources */ = {isa = PBXBuildFile; fileRef = 8323F6EB29E587B800CBDFB5 /* GoogleService-Info.plist */; };
		8323F6F029E5908600CBDFB5 /* User.swift in Sources */ = {isa = PBXBuildFile; fileRef = 8323F6EF29E5908600CBDFB5 /* User.swift */; };
		832A841A29F01D360074DC14 /* Constant.swift in Sources */ = {isa = PBXBuildFile; fileRef = 832A841929F01D360074DC14 /* Constant.swift */; };
		83489A342A0BBD16002974E1 /* LocationManagement.swift in Sources */ = {isa = PBXBuildFile; fileRef = 83489A332A0BBD16002974E1 /* LocationManagement.swift */; };
		83489A362A0BC135002974E1 /* TripDeletionService.swift in Sources */ = {isa = PBXBuildFile; fileRef = 83489A352A0BC135002974E1 /* TripDeletionService.swift */; };
		83489A382A0C1574002974E1 /* TripManagement.swift in Sources */ = {isa = PBXBuildFile; fileRef = 83489A372A0C1574002974E1 /* TripManagement.swift */; };
		835687162A097E34000A65F8 /* JourneyVC.swift in Sources */ = {isa = PBXBuildFile; fileRef = 835687152A097E34000A65F8 /* JourneyVC.swift */; };
		835687192A0980DD000A65F8 /* JourneyTableViewCell.xib in Resources */ = {isa = PBXBuildFile; fileRef = 835687182A0980DD000A65F8 /* JourneyTableViewCell.xib */; };
		8356871B2A0980FB000A65F8 /* JourneyTableViewCell.swift in Sources */ = {isa = PBXBuildFile; fileRef = 8356871A2A0980FB000A65F8 /* JourneyTableViewCell.swift */; };
		8356871D2A0989B0000A65F8 /* CreateJourneyVC.swift in Sources */ = {isa = PBXBuildFile; fileRef = 8356871C2A0989B0000A65F8 /* CreateJourneyVC.swift */; };
		835687212A0A78BD000A65F8 /* TripUpdateService.swift in Sources */ = {isa = PBXBuildFile; fileRef = 835687202A0A78BD000A65F8 /* TripUpdateService.swift */; };
		835687272A0ACD21000A65F8 /* JourneyUpdateService.swift in Sources */ = {isa = PBXBuildFile; fileRef = 835687262A0ACD21000A65F8 /* JourneyUpdateService.swift */; };
		835687292A0ACF2B000A65F8 /* Journey.swift in Sources */ = {isa = PBXBuildFile; fileRef = 835687282A0ACF2B000A65F8 /* Journey.swift */; };
		8356872B2A0AD1DA000A65F8 /* JourneyFetchingService.swift in Sources */ = {isa = PBXBuildFile; fileRef = 8356872A2A0AD1DA000A65F8 /* JourneyFetchingService.swift */; };
		8361E03229E5522900EE7D2B /* AppDelegate.swift in Sources */ = {isa = PBXBuildFile; fileRef = 8361E03129E5522900EE7D2B /* AppDelegate.swift */; };
		8361E03429E5522900EE7D2B /* SceneDelegate.swift in Sources */ = {isa = PBXBuildFile; fileRef = 8361E03329E5522900EE7D2B /* SceneDelegate.swift */; };
		8361E03629E5522900EE7D2B /* WelcomeVC.swift in Sources */ = {isa = PBXBuildFile; fileRef = 8361E03529E5522900EE7D2B /* WelcomeVC.swift */; };
		8361E03929E5522900EE7D2B /* Main.storyboard in Resources */ = {isa = PBXBuildFile; fileRef = 8361E03729E5522900EE7D2B /* Main.storyboard */; };
		8361E03B29E5522A00EE7D2B /* Assets.xcassets in Resources */ = {isa = PBXBuildFile; fileRef = 8361E03A29E5522A00EE7D2B /* Assets.xcassets */; };
		8361E03E29E5522A00EE7D2B /* LaunchScreen.storyboard in Resources */ = {isa = PBXBuildFile; fileRef = 8361E03C29E5522A00EE7D2B /* LaunchScreen.storyboard */; };
		8361E04B29E585A400EE7D2B /* FirebaseAnalytics in Frameworks */ = {isa = PBXBuildFile; productRef = 8361E04A29E585A400EE7D2B /* FirebaseAnalytics */; };
		8361E04D29E585A400EE7D2B /* FirebaseAnalyticsSwift in Frameworks */ = {isa = PBXBuildFile; productRef = 8361E04C29E585A400EE7D2B /* FirebaseAnalyticsSwift */; };
		8361E04F29E585A400EE7D2B /* FirebaseAuth in Frameworks */ = {isa = PBXBuildFile; productRef = 8361E04E29E585A400EE7D2B /* FirebaseAuth */; };
		8361E05129E585A400EE7D2B /* FirebaseCrashlytics in Frameworks */ = {isa = PBXBuildFile; productRef = 8361E05029E585A400EE7D2B /* FirebaseCrashlytics */; };
		8361E05329E585A400EE7D2B /* FirebaseFirestore in Frameworks */ = {isa = PBXBuildFile; productRef = 8361E05229E585A400EE7D2B /* FirebaseFirestore */; };
		8361E05529E585A400EE7D2B /* FirebaseFirestoreSwift in Frameworks */ = {isa = PBXBuildFile; productRef = 8361E05429E585A400EE7D2B /* FirebaseFirestoreSwift */; };
		8361E05729E585A400EE7D2B /* FirebaseStorage in Frameworks */ = {isa = PBXBuildFile; productRef = 8361E05629E585A400EE7D2B /* FirebaseStorage */; };
		83736EEB2A12B1E9002EBFBC /* CountryTableViewCell.xib in Resources */ = {isa = PBXBuildFile; fileRef = 83736EEA2A12B1E9002EBFBC /* CountryTableViewCell.xib */; };
		83736EED2A12B275002EBFBC /* CountryTableViewCell.swift in Sources */ = {isa = PBXBuildFile; fileRef = 83736EEC2A12B275002EBFBC /* CountryTableViewCell.swift */; };
		838296BE2A0D76BB00B4E9D3 /* ExpensesVC.swift in Sources */ = {isa = PBXBuildFile; fileRef = 838296BD2A0D76BB00B4E9D3 /* ExpensesVC.swift */; };
		838296C12A0D7D1D00B4E9D3 /* Expense.swift in Sources */ = {isa = PBXBuildFile; fileRef = 838296C02A0D7D1D00B4E9D3 /* Expense.swift */; };
		838296C32A0D811600B4E9D3 /* ExpenseTableViewCell.xib in Resources */ = {isa = PBXBuildFile; fileRef = 838296C22A0D811600B4E9D3 /* ExpenseTableViewCell.xib */; };
		838296C52A0D81B500B4E9D3 /* ExpenseTableViewCell.swift in Sources */ = {isa = PBXBuildFile; fileRef = 838296C42A0D81B500B4E9D3 /* ExpenseTableViewCell.swift */; };
		838296C92A0E12D600B4E9D3 /* ExpenseUpdateService.swift in Sources */ = {isa = PBXBuildFile; fileRef = 838296C82A0E12D600B4E9D3 /* ExpenseUpdateService.swift */; };
		838296CB2A0E25E100B4E9D3 /* ExpenseFetchingService.swift in Sources */ = {isa = PBXBuildFile; fileRef = 838296CA2A0E25E100B4E9D3 /* ExpenseFetchingService.swift */; };
		838296CD2A0E279000B4E9D3 /* ExpenseManagement.swift in Sources */ = {isa = PBXBuildFile; fileRef = 838296CC2A0E279000B4E9D3 /* ExpenseManagement.swift */; };
		8388260C29E68FBA003EBCC1 /* CreateAccountVC.swift in Sources */ = {isa = PBXBuildFile; fileRef = 8388260B29E68FBA003EBCC1 /* CreateAccountVC.swift */; };
		8388260E29E6931A003EBCC1 /* Extension.swift in Sources */ = {isa = PBXBuildFile; fileRef = 8388260D29E6931A003EBCC1 /* Extension.swift */; };
		838861742A13659E0028B7D7 /* ToDoCollectionViewCell.xib in Resources */ = {isa = PBXBuildFile; fileRef = 838861732A13659E0028B7D7 /* ToDoCollectionViewCell.xib */; };
		838861762A14214D0028B7D7 /* MyTabBarVC.swift in Sources */ = {isa = PBXBuildFile; fileRef = 838861752A14214D0028B7D7 /* MyTabBarVC.swift */; };
		83B4F8F12A03A43D00A1A4FC /* ConfirmationTripVC.swift in Sources */ = {isa = PBXBuildFile; fileRef = 83B4F8F02A03A43D00A1A4FC /* ConfirmationTripVC.swift */; };
		83C20F8A29ED6B3A009B252B /* SettingsVC.swift in Sources */ = {isa = PBXBuildFile; fileRef = 83C20F8929ED6B3A009B252B /* SettingsVC.swift */; };
		83C20F8E29EE6C54009B252B /* Theme.swift in Sources */ = {isa = PBXBuildFile; fileRef = 83C20F8D29EE6C54009B252B /* Theme.swift */; };
		83D881FE2A0931410056A324 /* TripDetailVC.swift in Sources */ = {isa = PBXBuildFile; fileRef = 83D881FD2A0931410056A324 /* TripDetailVC.swift */; };
		83DA20722A121D5000C417BE /* JourneyDeletionService.swift in Sources */ = {isa = PBXBuildFile; fileRef = 83DA20712A121D5000C417BE /* JourneyDeletionService.swift */; };
		83DA20772A121DB500C417BE /* ExpenseDeletionService.swift in Sources */ = {isa = PBXBuildFile; fileRef = 83DA20762A121DB500C417BE /* ExpenseDeletionService.swift */; };
		83FED4072A0C1B0800B0B231 /* ToDoListVC.swift in Sources */ = {isa = PBXBuildFile; fileRef = 83FED4062A0C1B0800B0B231 /* ToDoListVC.swift */; };
		83FED40A2A0C229900B0B231 /* ToDoCollectionViewCell.swift in Sources */ = {isa = PBXBuildFile; fileRef = 83FED4092A0C229900B0B231 /* ToDoCollectionViewCell.swift */; };
/* End PBXBuildFile section */

/* Begin PBXContainerItemProxy section */
		83124AD92A166A5500565F24 /* PBXContainerItemProxy */ = {
			isa = PBXContainerItemProxy;
			containerPortal = 8361E02629E5522900EE7D2B /* Project object */;
			proxyType = 1;
			remoteGlobalIDString = 8361E02D29E5522900EE7D2B;
			remoteInfo = Amigo;
		};
/* End PBXContainerItemProxy section */

/* Begin PBXFileReference section */
		8300095F29F6B4D7006DBD54 /* CreateTripVC.swift */ = {isa = PBXFileReference; lastKnownFileType = sourcecode.swift; path = CreateTripVC.swift; sourceTree = "<group>"; };
		8300096129F6BBD2006DBD54 /* CountryPickerVC.swift */ = {isa = PBXFileReference; lastKnownFileType = sourcecode.swift; path = CountryPickerVC.swift; sourceTree = "<group>"; };
		8300096429F8FF2F006DBD54 /* UserCreationService.swift */ = {isa = PBXFileReference; lastKnownFileType = sourcecode.swift; path = UserCreationService.swift; sourceTree = "<group>"; };
		8300096629F90598006DBD54 /* UserAuthService.swift */ = {isa = PBXFileReference; lastKnownFileType = sourcecode.swift; path = UserAuthService.swift; sourceTree = "<group>"; };
		8300096829F905CA006DBD54 /* UserFetchingService.swift */ = {isa = PBXFileReference; lastKnownFileType = sourcecode.swift; path = UserFetchingService.swift; sourceTree = "<group>"; };
		8300096A29F905EB006DBD54 /* UserUpdatingService.swift */ = {isa = PBXFileReference; lastKnownFileType = sourcecode.swift; path = UserUpdatingService.swift; sourceTree = "<group>"; };
		8300097029F907D2006DBD54 /* Errors.swift */ = {isa = PBXFileReference; lastKnownFileType = sourcecode.swift; path = Errors.swift; sourceTree = "<group>"; };
		8300097729FA96ED006DBD54 /* Trip.swift */ = {isa = PBXFileReference; lastKnownFileType = sourcecode.swift; path = Trip.swift; sourceTree = "<group>"; };
		8300097A29FAA580006DBD54 /* TripCreationService.swift */ = {isa = PBXFileReference; lastKnownFileType = sourcecode.swift; path = TripCreationService.swift; sourceTree = "<group>"; };
		8300097C29FB9EF6006DBD54 /* TripFetchingService.swift */ = {isa = PBXFileReference; lastKnownFileType = sourcecode.swift; path = TripFetchingService.swift; sourceTree = "<group>"; };
		8300098029FFA1BC006DBD54 /* TripTableViewCell.xib */ = {isa = PBXFileReference; lastKnownFileType = file.xib; path = TripTableViewCell.xib; sourceTree = "<group>"; };
		8300098229FFB97A006DBD54 /* TripTableViewCell.swift */ = {isa = PBXFileReference; lastKnownFileType = sourcecode.swift; path = TripTableViewCell.swift; sourceTree = "<group>"; };
		830F479029E9311800697C34 /* TripVC.swift */ = {isa = PBXFileReference; lastKnownFileType = sourcecode.swift; path = TripVC.swift; sourceTree = "<group>"; };
		83124ACF2A155BF900565F24 /* UserManagement.swift */ = {isa = PBXFileReference; lastKnownFileType = sourcecode.swift; path = UserManagement.swift; sourceTree = "<group>"; };
		83124AD52A166A5500565F24 /* AmigoTests.xctest */ = {isa = PBXFileReference; explicitFileType = wrapper.cfbundle; includeInIndex = 0; path = AmigoTests.xctest; sourceTree = BUILT_PRODUCTS_DIR; };
		83124ADE2A166ACE00565F24 /* UserTests.swift */ = {isa = PBXFileReference; lastKnownFileType = sourcecode.swift; path = UserTests.swift; sourceTree = "<group>"; };
		8323F6EB29E587B800CBDFB5 /* GoogleService-Info.plist */ = {isa = PBXFileReference; fileEncoding = 4; lastKnownFileType = text.plist.xml; path = "GoogleService-Info.plist"; sourceTree = "<group>"; };
		8323F6EF29E5908600CBDFB5 /* User.swift */ = {isa = PBXFileReference; lastKnownFileType = sourcecode.swift; path = User.swift; sourceTree = "<group>"; };
		832A841929F01D360074DC14 /* Constant.swift */ = {isa = PBXFileReference; lastKnownFileType = sourcecode.swift; path = Constant.swift; sourceTree = "<group>"; };
		83489A332A0BBD16002974E1 /* LocationManagement.swift */ = {isa = PBXFileReference; lastKnownFileType = sourcecode.swift; path = LocationManagement.swift; sourceTree = "<group>"; };
		83489A352A0BC135002974E1 /* TripDeletionService.swift */ = {isa = PBXFileReference; lastKnownFileType = sourcecode.swift; path = TripDeletionService.swift; sourceTree = "<group>"; };
		83489A372A0C1574002974E1 /* TripManagement.swift */ = {isa = PBXFileReference; lastKnownFileType = sourcecode.swift; path = TripManagement.swift; sourceTree = "<group>"; };
		835687152A097E34000A65F8 /* JourneyVC.swift */ = {isa = PBXFileReference; lastKnownFileType = sourcecode.swift; path = JourneyVC.swift; sourceTree = "<group>"; };
		835687182A0980DD000A65F8 /* JourneyTableViewCell.xib */ = {isa = PBXFileReference; lastKnownFileType = file.xib; path = JourneyTableViewCell.xib; sourceTree = "<group>"; };
		8356871A2A0980FB000A65F8 /* JourneyTableViewCell.swift */ = {isa = PBXFileReference; lastKnownFileType = sourcecode.swift; path = JourneyTableViewCell.swift; sourceTree = "<group>"; };
		8356871C2A0989B0000A65F8 /* CreateJourneyVC.swift */ = {isa = PBXFileReference; lastKnownFileType = sourcecode.swift; path = CreateJourneyVC.swift; sourceTree = "<group>"; };
		835687202A0A78BD000A65F8 /* TripUpdateService.swift */ = {isa = PBXFileReference; lastKnownFileType = sourcecode.swift; path = TripUpdateService.swift; sourceTree = "<group>"; };
		835687262A0ACD21000A65F8 /* JourneyUpdateService.swift */ = {isa = PBXFileReference; lastKnownFileType = sourcecode.swift; path = JourneyUpdateService.swift; sourceTree = "<group>"; };
		835687282A0ACF2B000A65F8 /* Journey.swift */ = {isa = PBXFileReference; lastKnownFileType = sourcecode.swift; path = Journey.swift; sourceTree = "<group>"; };
		8356872A2A0AD1DA000A65F8 /* JourneyFetchingService.swift */ = {isa = PBXFileReference; lastKnownFileType = sourcecode.swift; path = JourneyFetchingService.swift; sourceTree = "<group>"; };
		8361E02E29E5522900EE7D2B /* Amigo.app */ = {isa = PBXFileReference; explicitFileType = wrapper.application; includeInIndex = 0; path = Amigo.app; sourceTree = BUILT_PRODUCTS_DIR; };
		8361E03129E5522900EE7D2B /* AppDelegate.swift */ = {isa = PBXFileReference; lastKnownFileType = sourcecode.swift; path = AppDelegate.swift; sourceTree = "<group>"; };
		8361E03329E5522900EE7D2B /* SceneDelegate.swift */ = {isa = PBXFileReference; lastKnownFileType = sourcecode.swift; path = SceneDelegate.swift; sourceTree = "<group>"; };
		8361E03529E5522900EE7D2B /* WelcomeVC.swift */ = {isa = PBXFileReference; lastKnownFileType = sourcecode.swift; path = WelcomeVC.swift; sourceTree = "<group>"; };
		8361E03829E5522900EE7D2B /* Base */ = {isa = PBXFileReference; lastKnownFileType = file.storyboard; name = Base; path = Base.lproj/Main.storyboard; sourceTree = "<group>"; };
		8361E03A29E5522A00EE7D2B /* Assets.xcassets */ = {isa = PBXFileReference; lastKnownFileType = folder.assetcatalog; path = Assets.xcassets; sourceTree = "<group>"; };
		8361E03D29E5522A00EE7D2B /* Base */ = {isa = PBXFileReference; lastKnownFileType = file.storyboard; name = Base; path = Base.lproj/LaunchScreen.storyboard; sourceTree = "<group>"; };
		8361E03F29E5522A00EE7D2B /* Info.plist */ = {isa = PBXFileReference; lastKnownFileType = text.plist.xml; path = Info.plist; sourceTree = "<group>"; };
		83736EEA2A12B1E9002EBFBC /* CountryTableViewCell.xib */ = {isa = PBXFileReference; lastKnownFileType = file.xib; path = CountryTableViewCell.xib; sourceTree = "<group>"; };
		83736EEC2A12B275002EBFBC /* CountryTableViewCell.swift */ = {isa = PBXFileReference; lastKnownFileType = sourcecode.swift; path = CountryTableViewCell.swift; sourceTree = "<group>"; };
		838296BD2A0D76BB00B4E9D3 /* ExpensesVC.swift */ = {isa = PBXFileReference; lastKnownFileType = sourcecode.swift; path = ExpensesVC.swift; sourceTree = "<group>"; };
		838296C02A0D7D1D00B4E9D3 /* Expense.swift */ = {isa = PBXFileReference; lastKnownFileType = sourcecode.swift; path = Expense.swift; sourceTree = "<group>"; };
		838296C22A0D811600B4E9D3 /* ExpenseTableViewCell.xib */ = {isa = PBXFileReference; lastKnownFileType = file.xib; path = ExpenseTableViewCell.xib; sourceTree = "<group>"; };
		838296C42A0D81B500B4E9D3 /* ExpenseTableViewCell.swift */ = {isa = PBXFileReference; lastKnownFileType = sourcecode.swift; path = ExpenseTableViewCell.swift; sourceTree = "<group>"; };
		838296C82A0E12D600B4E9D3 /* ExpenseUpdateService.swift */ = {isa = PBXFileReference; lastKnownFileType = sourcecode.swift; path = ExpenseUpdateService.swift; sourceTree = "<group>"; };
		838296CA2A0E25E100B4E9D3 /* ExpenseFetchingService.swift */ = {isa = PBXFileReference; lastKnownFileType = sourcecode.swift; path = ExpenseFetchingService.swift; sourceTree = "<group>"; };
		838296CC2A0E279000B4E9D3 /* ExpenseManagement.swift */ = {isa = PBXFileReference; lastKnownFileType = sourcecode.swift; path = ExpenseManagement.swift; sourceTree = "<group>"; };
		8388260B29E68FBA003EBCC1 /* CreateAccountVC.swift */ = {isa = PBXFileReference; lastKnownFileType = sourcecode.swift; path = CreateAccountVC.swift; sourceTree = "<group>"; };
		8388260D29E6931A003EBCC1 /* Extension.swift */ = {isa = PBXFileReference; lastKnownFileType = sourcecode.swift; path = Extension.swift; sourceTree = "<group>"; };
		838861732A13659E0028B7D7 /* ToDoCollectionViewCell.xib */ = {isa = PBXFileReference; lastKnownFileType = file.xib; path = ToDoCollectionViewCell.xib; sourceTree = "<group>"; };
		838861752A14214D0028B7D7 /* MyTabBarVC.swift */ = {isa = PBXFileReference; lastKnownFileType = sourcecode.swift; path = MyTabBarVC.swift; sourceTree = "<group>"; };
		83B4F8F02A03A43D00A1A4FC /* ConfirmationTripVC.swift */ = {isa = PBXFileReference; lastKnownFileType = sourcecode.swift; path = ConfirmationTripVC.swift; sourceTree = "<group>"; };
		83C20F8929ED6B3A009B252B /* SettingsVC.swift */ = {isa = PBXFileReference; lastKnownFileType = sourcecode.swift; path = SettingsVC.swift; sourceTree = "<group>"; };
		83C20F8D29EE6C54009B252B /* Theme.swift */ = {isa = PBXFileReference; lastKnownFileType = sourcecode.swift; path = Theme.swift; sourceTree = "<group>"; };
		83D881FD2A0931410056A324 /* TripDetailVC.swift */ = {isa = PBXFileReference; lastKnownFileType = sourcecode.swift; path = TripDetailVC.swift; sourceTree = "<group>"; };
		83DA20712A121D5000C417BE /* JourneyDeletionService.swift */ = {isa = PBXFileReference; lastKnownFileType = sourcecode.swift; path = JourneyDeletionService.swift; sourceTree = "<group>"; };
		83DA20762A121DB500C417BE /* ExpenseDeletionService.swift */ = {isa = PBXFileReference; lastKnownFileType = sourcecode.swift; path = ExpenseDeletionService.swift; sourceTree = "<group>"; };
		83FED4062A0C1B0800B0B231 /* ToDoListVC.swift */ = {isa = PBXFileReference; lastKnownFileType = sourcecode.swift; path = ToDoListVC.swift; sourceTree = "<group>"; };
		83FED4092A0C229900B0B231 /* ToDoCollectionViewCell.swift */ = {isa = PBXFileReference; lastKnownFileType = sourcecode.swift; path = ToDoCollectionViewCell.swift; sourceTree = "<group>"; };
/* End PBXFileReference section */

/* Begin PBXFrameworksBuildPhase section */
		83124AD22A166A5500565F24 /* Frameworks */ = {
			isa = PBXFrameworksBuildPhase;
			buildActionMask = 2147483647;
			files = (
			);
			runOnlyForDeploymentPostprocessing = 0;
		};
		8361E02B29E5522900EE7D2B /* Frameworks */ = {
			isa = PBXFrameworksBuildPhase;
			buildActionMask = 2147483647;
			files = (
				8361E04D29E585A400EE7D2B /* FirebaseAnalyticsSwift in Frameworks */,
				8361E05129E585A400EE7D2B /* FirebaseCrashlytics in Frameworks */,
				8361E04F29E585A400EE7D2B /* FirebaseAuth in Frameworks */,
				8361E05329E585A400EE7D2B /* FirebaseFirestore in Frameworks */,
				8361E05729E585A400EE7D2B /* FirebaseStorage in Frameworks */,
				8361E04B29E585A400EE7D2B /* FirebaseAnalytics in Frameworks */,
				8361E05529E585A400EE7D2B /* FirebaseFirestoreSwift in Frameworks */,
			);
			runOnlyForDeploymentPostprocessing = 0;
		};
/* End PBXFrameworksBuildPhase section */

/* Begin PBXGroup section */
		8300095D29F6B42E006DBD54 /* Authentication */ = {
			isa = PBXGroup;
			children = (
				8361E03529E5522900EE7D2B /* WelcomeVC.swift */,
				8388260B29E68FBA003EBCC1 /* CreateAccountVC.swift */,
			);
			path = Authentication;
			sourceTree = "<group>";
		};
		8300096329F8FE90006DBD54 /* User */ = {
			isa = PBXGroup;
			children = (
				83489A2E2A0BBC4A002974E1 /* UserServices */,
				8323F6EF29E5908600CBDFB5 /* User.swift */,
				83124ACF2A155BF900565F24 /* UserManagement.swift */,
			);
			path = User;
			sourceTree = "<group>";
		};
		8300097629FA95A0006DBD54 /* Trip */ = {
			isa = PBXGroup;
			children = (
				830F479029E9311800697C34 /* TripVC.swift */,
				8300095F29F6B4D7006DBD54 /* CreateTripVC.swift */,
				8300096129F6BBD2006DBD54 /* CountryPickerVC.swift */,
				83B4F8F02A03A43D00A1A4FC /* ConfirmationTripVC.swift */,
				83D881FD2A0931410056A324 /* TripDetailVC.swift */,
			);
			path = Trip;
			sourceTree = "<group>";
		};
		8300097929FAA567006DBD54 /* Trip */ = {
			isa = PBXGroup;
			children = (
				83489A2F2A0BBC74002974E1 /* TripServices */,
				8300097729FA96ED006DBD54 /* Trip.swift */,
				83489A372A0C1574002974E1 /* TripManagement.swift */,
			);
			path = Trip;
			sourceTree = "<group>";
		};
		83124AD62A166A5500565F24 /* AmigoTests */ = {
			isa = PBXGroup;
			children = (
				83124ADE2A166ACE00565F24 /* UserTests.swift */,
			);
			path = AmigoTests;
			sourceTree = "<group>";
		};
		83489A2E2A0BBC4A002974E1 /* UserServices */ = {
			isa = PBXGroup;
			children = (
				8300096629F90598006DBD54 /* UserAuthService.swift */,
				8300096429F8FF2F006DBD54 /* UserCreationService.swift */,
				8300096829F905CA006DBD54 /* UserFetchingService.swift */,
				8300096A29F905EB006DBD54 /* UserUpdatingService.swift */,
			);
			path = UserServices;
			sourceTree = "<group>";
		};
		83489A2F2A0BBC74002974E1 /* TripServices */ = {
			isa = PBXGroup;
			children = (
				8300097A29FAA580006DBD54 /* TripCreationService.swift */,
				8300097C29FB9EF6006DBD54 /* TripFetchingService.swift */,
				835687202A0A78BD000A65F8 /* TripUpdateService.swift */,
				83489A352A0BC135002974E1 /* TripDeletionService.swift */,
			);
			path = TripServices;
			sourceTree = "<group>";
		};
		83489A312A0BBCA1002974E1 /* JourneyServices */ = {
			isa = PBXGroup;
			children = (
				8356872A2A0AD1DA000A65F8 /* JourneyFetchingService.swift */,
				835687262A0ACD21000A65F8 /* JourneyUpdateService.swift */,
				83DA20712A121D5000C417BE /* JourneyDeletionService.swift */,
			);
			path = JourneyServices;
			sourceTree = "<group>";
		};
		83489A322A0BBCE9002974E1 /* Location */ = {
			isa = PBXGroup;
			children = (
				83489A332A0BBD16002974E1 /* LocationManagement.swift */,
			);
			path = Location;
			sourceTree = "<group>";
		};
		835687142A097E1A000A65F8 /* Journey */ = {
			isa = PBXGroup;
			children = (
				835687152A097E34000A65F8 /* JourneyVC.swift */,
				8356871C2A0989B0000A65F8 /* CreateJourneyVC.swift */,
			);
			path = Journey;
			sourceTree = "<group>";
		};
		835687172A0980B4000A65F8 /* TableViewCells */ = {
			isa = PBXGroup;
			children = (
				8300098029FFA1BC006DBD54 /* TripTableViewCell.xib */,
				8300098229FFB97A006DBD54 /* TripTableViewCell.swift */,
				835687182A0980DD000A65F8 /* JourneyTableViewCell.xib */,
				8356871A2A0980FB000A65F8 /* JourneyTableViewCell.swift */,
				838296C22A0D811600B4E9D3 /* ExpenseTableViewCell.xib */,
				838296C42A0D81B500B4E9D3 /* ExpenseTableViewCell.swift */,
				83736EEA2A12B1E9002EBFBC /* CountryTableViewCell.xib */,
				83736EEC2A12B275002EBFBC /* CountryTableViewCell.swift */,
			);
			path = TableViewCells;
			sourceTree = "<group>";
		};
		835687252A0ACD0A000A65F8 /* Journey */ = {
			isa = PBXGroup;
			children = (
				83489A312A0BBCA1002974E1 /* JourneyServices */,
				835687282A0ACF2B000A65F8 /* Journey.swift */,
			);
			path = Journey;
			sourceTree = "<group>";
		};
		8361E02529E5522900EE7D2B = {
			isa = PBXGroup;
			children = (
				8361E03029E5522900EE7D2B /* Amigo */,
				83124AD62A166A5500565F24 /* AmigoTests */,
				8361E02F29E5522900EE7D2B /* Products */,
				836D2C2F2A16A8320032B037 /* Frameworks */,
			);
			sourceTree = "<group>";
		};
		8361E02F29E5522900EE7D2B /* Products */ = {
			isa = PBXGroup;
			children = (
				8361E02E29E5522900EE7D2B /* Amigo.app */,
				83124AD52A166A5500565F24 /* AmigoTests.xctest */,
			);
			name = Products;
			sourceTree = "<group>";
		};
		8361E03029E5522900EE7D2B /* Amigo */ = {
			isa = PBXGroup;
			children = (
				8361E04829E5527700EE7D2B /* Controller */,
				8361E04629E5526F00EE7D2B /* Model */,
				8361E04729E5527300EE7D2B /* View */,
				8361E04529E5524100EE7D2B /* Ressources */,
			);
			path = Amigo;
			sourceTree = "<group>";
		};
		8361E04529E5524100EE7D2B /* Ressources */ = {
			isa = PBXGroup;
			children = (
				832A841929F01D360074DC14 /* Constant.swift */,
				8361E03129E5522900EE7D2B /* AppDelegate.swift */,
				8361E03329E5522900EE7D2B /* SceneDelegate.swift */,
				8361E03A29E5522A00EE7D2B /* Assets.xcassets */,
				8361E03F29E5522A00EE7D2B /* Info.plist */,
				8323F6EB29E587B800CBDFB5 /* GoogleService-Info.plist */,
			);
			path = Ressources;
			sourceTree = "<group>";
		};
		8361E04629E5526F00EE7D2B /* Model */ = {
			isa = PBXGroup;
			children = (
				8300096329F8FE90006DBD54 /* User */,
				8300097929FAA567006DBD54 /* Trip */,
				835687252A0ACD0A000A65F8 /* Journey */,
				83489A322A0BBCE9002974E1 /* Location */,
				838296C62A0E12A800B4E9D3 /* Expense */,
				8300097029F907D2006DBD54 /* Errors.swift */,
				83C20F8D29EE6C54009B252B /* Theme.swift */,
				8388260D29E6931A003EBCC1 /* Extension.swift */,
			);
			path = Model;
			sourceTree = "<group>";
		};
		8361E04729E5527300EE7D2B /* View */ = {
			isa = PBXGroup;
			children = (
				835687172A0980B4000A65F8 /* TableViewCells */,
				83FED4082A0C222500B0B231 /* CollectionViewCells */,
				8361E03729E5522900EE7D2B /* Main.storyboard */,
				8361E03C29E5522A00EE7D2B /* LaunchScreen.storyboard */,
			);
			path = View;
			sourceTree = "<group>";
		};
		8361E04829E5527700EE7D2B /* Controller */ = {
			isa = PBXGroup;
			children = (
				8300095D29F6B42E006DBD54 /* Authentication */,
				8300097629FA95A0006DBD54 /* Trip */,
				835687142A097E1A000A65F8 /* Journey */,
				83FED4052A0C1AF200B0B231 /* To Do List */,
				838296BC2A0D732C00B4E9D3 /* Expenses */,
				83C20F8929ED6B3A009B252B /* SettingsVC.swift */,
				838861752A14214D0028B7D7 /* MyTabBarVC.swift */,
			);
			path = Controller;
			sourceTree = "<group>";
		};
		836D2C2F2A16A8320032B037 /* Frameworks */ = {
			isa = PBXGroup;
			children = (
			);
			name = Frameworks;
			sourceTree = "<group>";
		};
		838296BC2A0D732C00B4E9D3 /* Expenses */ = {
			isa = PBXGroup;
			children = (
				838296BD2A0D76BB00B4E9D3 /* ExpensesVC.swift */,
			);
			path = Expenses;
			sourceTree = "<group>";
		};
		838296C62A0E12A800B4E9D3 /* Expense */ = {
			isa = PBXGroup;
			children = (
				838296C72A0E12BD00B4E9D3 /* ExpenseServices */,
				838296C02A0D7D1D00B4E9D3 /* Expense.swift */,
				838296CC2A0E279000B4E9D3 /* ExpenseManagement.swift */,
			);
			path = Expense;
			sourceTree = "<group>";
		};
		838296C72A0E12BD00B4E9D3 /* ExpenseServices */ = {
			isa = PBXGroup;
			children = (
				838296C82A0E12D600B4E9D3 /* ExpenseUpdateService.swift */,
				838296CA2A0E25E100B4E9D3 /* ExpenseFetchingService.swift */,
				83DA20762A121DB500C417BE /* ExpenseDeletionService.swift */,
			);
			path = ExpenseServices;
			sourceTree = "<group>";
		};
		83FED4052A0C1AF200B0B231 /* To Do List */ = {
			isa = PBXGroup;
			children = (
				83FED4062A0C1B0800B0B231 /* ToDoListVC.swift */,
			);
			path = "To Do List";
			sourceTree = "<group>";
		};
		83FED4082A0C222500B0B231 /* CollectionViewCells */ = {
			isa = PBXGroup;
			children = (
				83FED4092A0C229900B0B231 /* ToDoCollectionViewCell.swift */,
				838861732A13659E0028B7D7 /* ToDoCollectionViewCell.xib */,
			);
			path = CollectionViewCells;
			sourceTree = "<group>";
		};
/* End PBXGroup section */

/* Begin PBXNativeTarget section */
		83124AD42A166A5500565F24 /* AmigoTests */ = {
			isa = PBXNativeTarget;
			buildConfigurationList = 83124ADB2A166A5500565F24 /* Build configuration list for PBXNativeTarget "AmigoTests" */;
			buildPhases = (
				83124AD12A166A5500565F24 /* Sources */,
				83124AD22A166A5500565F24 /* Frameworks */,
				83124AD32A166A5500565F24 /* Resources */,
			);
			buildRules = (
			);
			dependencies = (
				83124ADA2A166A5500565F24 /* PBXTargetDependency */,
			);
			name = AmigoTests;
			packageProductDependencies = (
			);
			productName = AmigoTests;
			productReference = 83124AD52A166A5500565F24 /* AmigoTests.xctest */;
			productType = "com.apple.product-type.bundle.unit-test";
		};
		8361E02D29E5522900EE7D2B /* Amigo */ = {
			isa = PBXNativeTarget;
			buildConfigurationList = 8361E04229E5522A00EE7D2B /* Build configuration list for PBXNativeTarget "Amigo" */;
			buildPhases = (
				8361E02A29E5522900EE7D2B /* Sources */,
				8361E02B29E5522900EE7D2B /* Frameworks */,
				8361E02C29E5522900EE7D2B /* Resources */,
			);
			buildRules = (
			);
			dependencies = (
			);
			name = Amigo;
			packageProductDependencies = (
				8361E04A29E585A400EE7D2B /* FirebaseAnalytics */,
				8361E04C29E585A400EE7D2B /* FirebaseAnalyticsSwift */,
				8361E04E29E585A400EE7D2B /* FirebaseAuth */,
				8361E05029E585A400EE7D2B /* FirebaseCrashlytics */,
				8361E05229E585A400EE7D2B /* FirebaseFirestore */,
				8361E05429E585A400EE7D2B /* FirebaseFirestoreSwift */,
				8361E05629E585A400EE7D2B /* FirebaseStorage */,
			);
			productName = Amigo;
			productReference = 8361E02E29E5522900EE7D2B /* Amigo.app */;
			productType = "com.apple.product-type.application";
		};
/* End PBXNativeTarget section */

/* Begin PBXProject section */
		8361E02629E5522900EE7D2B /* Project object */ = {
			isa = PBXProject;
			attributes = {
				BuildIndependentTargetsInParallel = 1;
				LastSwiftUpdateCheck = 1420;
				LastUpgradeCheck = 1420;
				TargetAttributes = {
					83124AD42A166A5500565F24 = {
						CreatedOnToolsVersion = 14.2;
						LastSwiftMigration = 1420;
						TestTargetID = 8361E02D29E5522900EE7D2B;
					};
					8361E02D29E5522900EE7D2B = {
						CreatedOnToolsVersion = 14.2;
					};
				};
			};
			buildConfigurationList = 8361E02929E5522900EE7D2B /* Build configuration list for PBXProject "Amigo" */;
			compatibilityVersion = "Xcode 14.0";
			developmentRegion = en;
			hasScannedForEncodings = 0;
			knownRegions = (
				en,
				Base,
			);
			mainGroup = 8361E02529E5522900EE7D2B;
			packageReferences = (
				8361E04929E585A400EE7D2B /* XCRemoteSwiftPackageReference "firebase-ios-sdk" */,
			);
			productRefGroup = 8361E02F29E5522900EE7D2B /* Products */;
			projectDirPath = "";
			projectRoot = "";
			targets = (
				8361E02D29E5522900EE7D2B /* Amigo */,
				83124AD42A166A5500565F24 /* AmigoTests */,
			);
		};
/* End PBXProject section */

/* Begin PBXResourcesBuildPhase section */
		83124AD32A166A5500565F24 /* Resources */ = {
			isa = PBXResourcesBuildPhase;
			buildActionMask = 2147483647;
			files = (
			);
			runOnlyForDeploymentPostprocessing = 0;
		};
		8361E02C29E5522900EE7D2B /* Resources */ = {
			isa = PBXResourcesBuildPhase;
			buildActionMask = 2147483647;
			files = (
				838861742A13659E0028B7D7 /* ToDoCollectionViewCell.xib in Resources */,
				83736EEB2A12B1E9002EBFBC /* CountryTableViewCell.xib in Resources */,
				8361E03E29E5522A00EE7D2B /* LaunchScreen.storyboard in Resources */,
				8323F6EC29E587B800CBDFB5 /* GoogleService-Info.plist in Resources */,
				8361E03B29E5522A00EE7D2B /* Assets.xcassets in Resources */,
				838296C32A0D811600B4E9D3 /* ExpenseTableViewCell.xib in Resources */,
				8300098129FFA1BC006DBD54 /* TripTableViewCell.xib in Resources */,
				835687192A0980DD000A65F8 /* JourneyTableViewCell.xib in Resources */,
				8361E03929E5522900EE7D2B /* Main.storyboard in Resources */,
			);
			runOnlyForDeploymentPostprocessing = 0;
		};
/* End PBXResourcesBuildPhase section */

/* Begin PBXSourcesBuildPhase section */
		83124AD12A166A5500565F24 /* Sources */ = {
			isa = PBXSourcesBuildPhase;
			buildActionMask = 2147483647;
			files = (
				83124ADF2A166ACE00565F24 /* UserTests.swift in Sources */,
			);
			runOnlyForDeploymentPostprocessing = 0;
		};
		8361E02A29E5522900EE7D2B /* Sources */ = {
			isa = PBXSourcesBuildPhase;
			buildActionMask = 2147483647;
			files = (
				83DA20772A121DB500C417BE /* ExpenseDeletionService.swift in Sources */,
				838296C52A0D81B500B4E9D3 /* ExpenseTableViewCell.swift in Sources */,
				8361E03629E5522900EE7D2B /* WelcomeVC.swift in Sources */,
				8300096029F6B4D7006DBD54 /* CreateTripVC.swift in Sources */,
				838296C92A0E12D600B4E9D3 /* ExpenseUpdateService.swift in Sources */,
				835687162A097E34000A65F8 /* JourneyVC.swift in Sources */,
				83489A342A0BBD16002974E1 /* LocationManagement.swift in Sources */,
				8300097D29FB9EF6006DBD54 /* TripFetchingService.swift in Sources */,
				8300097829FA96ED006DBD54 /* Trip.swift in Sources */,
				83736EED2A12B275002EBFBC /* CountryTableViewCell.swift in Sources */,
				83C20F8A29ED6B3A009B252B /* SettingsVC.swift in Sources */,
				83489A382A0C1574002974E1 /* TripManagement.swift in Sources */,
				83489A362A0BC135002974E1 /* TripDeletionService.swift in Sources */,
				8300096229F6BBD2006DBD54 /* CountryPickerVC.swift in Sources */,
				835687212A0A78BD000A65F8 /* TripUpdateService.swift in Sources */,
				838296CB2A0E25E100B4E9D3 /* ExpenseFetchingService.swift in Sources */,
				83DA20722A121D5000C417BE /* JourneyDeletionService.swift in Sources */,
				8300097129F907D2006DBD54 /* Errors.swift in Sources */,
				8356871D2A0989B0000A65F8 /* CreateJourneyVC.swift in Sources */,
				8361E03229E5522900EE7D2B /* AppDelegate.swift in Sources */,
				838296CD2A0E279000B4E9D3 /* ExpenseManagement.swift in Sources */,
				8300097B29FAA580006DBD54 /* TripCreationService.swift in Sources */,
				835687292A0ACF2B000A65F8 /* Journey.swift in Sources */,
				8356872B2A0AD1DA000A65F8 /* JourneyFetchingService.swift in Sources */,
				83C20F8E29EE6C54009B252B /* Theme.swift in Sources */,
				83124AD02A155BF900565F24 /* UserManagement.swift in Sources */,
				83FED40A2A0C229900B0B231 /* ToDoCollectionViewCell.swift in Sources */,
				8388260E29E6931A003EBCC1 /* Extension.swift in Sources */,
				8388260C29E68FBA003EBCC1 /* CreateAccountVC.swift in Sources */,
				8300096B29F905EB006DBD54 /* UserUpdatingService.swift in Sources */,
				8300096529F8FF2F006DBD54 /* UserCreationService.swift in Sources */,
				83B4F8F12A03A43D00A1A4FC /* ConfirmationTripVC.swift in Sources */,
				838296C12A0D7D1D00B4E9D3 /* Expense.swift in Sources */,
				8361E03429E5522900EE7D2B /* SceneDelegate.swift in Sources */,
				8300096729F90598006DBD54 /* UserAuthService.swift in Sources */,
				83FED4072A0C1B0800B0B231 /* ToDoListVC.swift in Sources */,
				8300096929F905CA006DBD54 /* UserFetchingService.swift in Sources */,
				830F479129E9311800697C34 /* TripVC.swift in Sources */,
				832A841A29F01D360074DC14 /* Constant.swift in Sources */,
				83D881FE2A0931410056A324 /* TripDetailVC.swift in Sources */,
				8356871B2A0980FB000A65F8 /* JourneyTableViewCell.swift in Sources */,
				838861762A14214D0028B7D7 /* MyTabBarVC.swift in Sources */,
				8300098329FFB97A006DBD54 /* TripTableViewCell.swift in Sources */,
				8323F6F029E5908600CBDFB5 /* User.swift in Sources */,
				835687272A0ACD21000A65F8 /* JourneyUpdateService.swift in Sources */,
				838296BE2A0D76BB00B4E9D3 /* ExpensesVC.swift in Sources */,
			);
			runOnlyForDeploymentPostprocessing = 0;
		};
/* End PBXSourcesBuildPhase section */

/* Begin PBXTargetDependency section */
		83124ADA2A166A5500565F24 /* PBXTargetDependency */ = {
			isa = PBXTargetDependency;
			target = 8361E02D29E5522900EE7D2B /* Amigo */;
			targetProxy = 83124AD92A166A5500565F24 /* PBXContainerItemProxy */;
		};
/* End PBXTargetDependency section */

/* Begin PBXVariantGroup section */
		8361E03729E5522900EE7D2B /* Main.storyboard */ = {
			isa = PBXVariantGroup;
			children = (
				8361E03829E5522900EE7D2B /* Base */,
			);
			name = Main.storyboard;
			sourceTree = "<group>";
		};
		8361E03C29E5522A00EE7D2B /* LaunchScreen.storyboard */ = {
			isa = PBXVariantGroup;
			children = (
				8361E03D29E5522A00EE7D2B /* Base */,
			);
			name = LaunchScreen.storyboard;
			sourceTree = "<group>";
		};
/* End PBXVariantGroup section */

/* Begin XCBuildConfiguration section */
		83124ADC2A166A5500565F24 /* Debug */ = {
			isa = XCBuildConfiguration;
			buildSettings = {
				BUNDLE_LOADER = "$(TEST_HOST)";
				CLANG_ENABLE_MODULES = YES;
				CODE_SIGN_STYLE = Automatic;
				CURRENT_PROJECT_VERSION = 1;
				DEVELOPMENT_TEAM = UF8VBT3FGJ;
				GENERATE_INFOPLIST_FILE = YES;
				IPHONEOS_DEPLOYMENT_TARGET = 16.2;
				LD_RUNPATH_SEARCH_PATHS = (
					"$(inherited)",
					"@executable_path/Frameworks",
					"@loader_path/Frameworks",
				);
				MARKETING_VERSION = 1.0;
				PRODUCT_BUNDLE_IDENTIFIER = com.mickaelhorn.AmigoTests;
				PRODUCT_NAME = "$(TARGET_NAME)";
				SWIFT_EMIT_LOC_STRINGS = NO;
				SWIFT_OPTIMIZATION_LEVEL = "-Onone";
				SWIFT_VERSION = 5.0;
				TARGETED_DEVICE_FAMILY = "1,2";
				TEST_HOST = "$(BUILT_PRODUCTS_DIR)/Amigo.app/Amigo";
			};
			name = Debug;
		};
		83124ADD2A166A5500565F24 /* Release */ = {
			isa = XCBuildConfiguration;
			buildSettings = {
				BUNDLE_LOADER = "$(TEST_HOST)";
				CLANG_ENABLE_MODULES = YES;
				CODE_SIGN_STYLE = Automatic;
				CURRENT_PROJECT_VERSION = 1;
				DEVELOPMENT_TEAM = UF8VBT3FGJ;
				GENERATE_INFOPLIST_FILE = YES;
				IPHONEOS_DEPLOYMENT_TARGET = 16.2;
				LD_RUNPATH_SEARCH_PATHS = (
					"$(inherited)",
					"@executable_path/Frameworks",
					"@loader_path/Frameworks",
				);
				MARKETING_VERSION = 1.0;
				PRODUCT_BUNDLE_IDENTIFIER = com.mickaelhorn.AmigoTests;
				PRODUCT_NAME = "$(TARGET_NAME)";
				SWIFT_EMIT_LOC_STRINGS = NO;
				SWIFT_VERSION = 5.0;
				TARGETED_DEVICE_FAMILY = "1,2";
				TEST_HOST = "$(BUILT_PRODUCTS_DIR)/Amigo.app/Amigo";
			};
			name = Release;
		};
		8361E04029E5522A00EE7D2B /* Debug */ = {
			isa = XCBuildConfiguration;
			buildSettings = {
				ALWAYS_SEARCH_USER_PATHS = NO;
				CLANG_ANALYZER_NONNULL = YES;
				CLANG_ANALYZER_NUMBER_OBJECT_CONVERSION = YES_AGGRESSIVE;
				CLANG_CXX_LANGUAGE_STANDARD = "gnu++20";
				CLANG_ENABLE_MODULES = YES;
				CLANG_ENABLE_OBJC_ARC = YES;
				CLANG_ENABLE_OBJC_WEAK = YES;
				CLANG_WARN_BLOCK_CAPTURE_AUTORELEASING = YES;
				CLANG_WARN_BOOL_CONVERSION = YES;
				CLANG_WARN_COMMA = YES;
				CLANG_WARN_CONSTANT_CONVERSION = YES;
				CLANG_WARN_DEPRECATED_OBJC_IMPLEMENTATIONS = YES;
				CLANG_WARN_DIRECT_OBJC_ISA_USAGE = YES_ERROR;
				CLANG_WARN_DOCUMENTATION_COMMENTS = YES;
				CLANG_WARN_EMPTY_BODY = YES;
				CLANG_WARN_ENUM_CONVERSION = YES;
				CLANG_WARN_INFINITE_RECURSION = YES;
				CLANG_WARN_INT_CONVERSION = YES;
				CLANG_WARN_NON_LITERAL_NULL_CONVERSION = YES;
				CLANG_WARN_OBJC_IMPLICIT_RETAIN_SELF = YES;
				CLANG_WARN_OBJC_LITERAL_CONVERSION = YES;
				CLANG_WARN_OBJC_ROOT_CLASS = YES_ERROR;
				CLANG_WARN_QUOTED_INCLUDE_IN_FRAMEWORK_HEADER = YES;
				CLANG_WARN_RANGE_LOOP_ANALYSIS = YES;
				CLANG_WARN_STRICT_PROTOTYPES = YES;
				CLANG_WARN_SUSPICIOUS_MOVE = YES;
				CLANG_WARN_UNGUARDED_AVAILABILITY = YES_AGGRESSIVE;
				CLANG_WARN_UNREACHABLE_CODE = YES;
				CLANG_WARN__DUPLICATE_METHOD_MATCH = YES;
				COPY_PHASE_STRIP = NO;
				DEBUG_INFORMATION_FORMAT = dwarf;
				ENABLE_STRICT_OBJC_MSGSEND = YES;
				ENABLE_TESTABILITY = YES;
				GCC_C_LANGUAGE_STANDARD = gnu11;
				GCC_DYNAMIC_NO_PIC = NO;
				GCC_NO_COMMON_BLOCKS = YES;
				GCC_OPTIMIZATION_LEVEL = 0;
				GCC_PREPROCESSOR_DEFINITIONS = (
					"DEBUG=1",
					"$(inherited)",
				);
				GCC_WARN_64_TO_32_BIT_CONVERSION = YES;
				GCC_WARN_ABOUT_RETURN_TYPE = YES_ERROR;
				GCC_WARN_UNDECLARED_SELECTOR = YES;
				GCC_WARN_UNINITIALIZED_AUTOS = YES_AGGRESSIVE;
				GCC_WARN_UNUSED_FUNCTION = YES;
				GCC_WARN_UNUSED_VARIABLE = YES;
				IPHONEOS_DEPLOYMENT_TARGET = 14.0;
				MTL_ENABLE_DEBUG_INFO = INCLUDE_SOURCE;
				MTL_FAST_MATH = YES;
				ONLY_ACTIVE_ARCH = YES;
				SDKROOT = iphoneos;
				SWIFT_ACTIVE_COMPILATION_CONDITIONS = DEBUG;
				SWIFT_OPTIMIZATION_LEVEL = "-Onone";
			};
			name = Debug;
		};
		8361E04129E5522A00EE7D2B /* Release */ = {
			isa = XCBuildConfiguration;
			buildSettings = {
				ALWAYS_SEARCH_USER_PATHS = NO;
				CLANG_ANALYZER_NONNULL = YES;
				CLANG_ANALYZER_NUMBER_OBJECT_CONVERSION = YES_AGGRESSIVE;
				CLANG_CXX_LANGUAGE_STANDARD = "gnu++20";
				CLANG_ENABLE_MODULES = YES;
				CLANG_ENABLE_OBJC_ARC = YES;
				CLANG_ENABLE_OBJC_WEAK = YES;
				CLANG_WARN_BLOCK_CAPTURE_AUTORELEASING = YES;
				CLANG_WARN_BOOL_CONVERSION = YES;
				CLANG_WARN_COMMA = YES;
				CLANG_WARN_CONSTANT_CONVERSION = YES;
				CLANG_WARN_DEPRECATED_OBJC_IMPLEMENTATIONS = YES;
				CLANG_WARN_DIRECT_OBJC_ISA_USAGE = YES_ERROR;
				CLANG_WARN_DOCUMENTATION_COMMENTS = YES;
				CLANG_WARN_EMPTY_BODY = YES;
				CLANG_WARN_ENUM_CONVERSION = YES;
				CLANG_WARN_INFINITE_RECURSION = YES;
				CLANG_WARN_INT_CONVERSION = YES;
				CLANG_WARN_NON_LITERAL_NULL_CONVERSION = YES;
				CLANG_WARN_OBJC_IMPLICIT_RETAIN_SELF = YES;
				CLANG_WARN_OBJC_LITERAL_CONVERSION = YES;
				CLANG_WARN_OBJC_ROOT_CLASS = YES_ERROR;
				CLANG_WARN_QUOTED_INCLUDE_IN_FRAMEWORK_HEADER = YES;
				CLANG_WARN_RANGE_LOOP_ANALYSIS = YES;
				CLANG_WARN_STRICT_PROTOTYPES = YES;
				CLANG_WARN_SUSPICIOUS_MOVE = YES;
				CLANG_WARN_UNGUARDED_AVAILABILITY = YES_AGGRESSIVE;
				CLANG_WARN_UNREACHABLE_CODE = YES;
				CLANG_WARN__DUPLICATE_METHOD_MATCH = YES;
				COPY_PHASE_STRIP = NO;
				DEBUG_INFORMATION_FORMAT = "dwarf-with-dsym";
				ENABLE_NS_ASSERTIONS = NO;
				ENABLE_STRICT_OBJC_MSGSEND = YES;
				GCC_C_LANGUAGE_STANDARD = gnu11;
				GCC_NO_COMMON_BLOCKS = YES;
				GCC_WARN_64_TO_32_BIT_CONVERSION = YES;
				GCC_WARN_ABOUT_RETURN_TYPE = YES_ERROR;
				GCC_WARN_UNDECLARED_SELECTOR = YES;
				GCC_WARN_UNINITIALIZED_AUTOS = YES_AGGRESSIVE;
				GCC_WARN_UNUSED_FUNCTION = YES;
				GCC_WARN_UNUSED_VARIABLE = YES;
				IPHONEOS_DEPLOYMENT_TARGET = 14.0;
				MTL_ENABLE_DEBUG_INFO = NO;
				MTL_FAST_MATH = YES;
				SDKROOT = iphoneos;
				SWIFT_COMPILATION_MODE = wholemodule;
				SWIFT_OPTIMIZATION_LEVEL = "-O";
				VALIDATE_PRODUCT = YES;
			};
			name = Release;
		};
		8361E04329E5522A00EE7D2B /* Debug */ = {
			isa = XCBuildConfiguration;
			buildSettings = {
				ASSETCATALOG_COMPILER_APPICON_NAME = AppIcon;
				ASSETCATALOG_COMPILER_GLOBAL_ACCENT_COLOR_NAME = AccentColor;
				CODE_SIGN_STYLE = Automatic;
				CURRENT_PROJECT_VERSION = 1;
				DEVELOPMENT_TEAM = UF8VBT3FGJ;
				GENERATE_INFOPLIST_FILE = YES;
				INFOPLIST_FILE = Amigo/Ressources/Info.plist;
				INFOPLIST_KEY_UIApplicationSupportsIndirectInputEvents = YES;
				INFOPLIST_KEY_UILaunchStoryboardName = LaunchScreen;
				INFOPLIST_KEY_UIMainStoryboardFile = Main;
				INFOPLIST_KEY_UISupportedInterfaceOrientations = UIInterfaceOrientationPortrait;
				INFOPLIST_KEY_UISupportedInterfaceOrientations_iPad = "UIInterfaceOrientationLandscapeLeft UIInterfaceOrientationLandscapeRight UIInterfaceOrientationPortrait UIInterfaceOrientationPortraitUpsideDown";
				IPHONEOS_DEPLOYMENT_TARGET = 14.0;
				LD_RUNPATH_SEARCH_PATHS = (
					"$(inherited)",
					"@executable_path/Frameworks",
				);
				MARKETING_VERSION = 1.0;
				PRODUCT_BUNDLE_IDENTIFIER = com.mickaelhorn.Amigo;
				PRODUCT_NAME = "$(TARGET_NAME)";
				SWIFT_EMIT_LOC_STRINGS = YES;
				SWIFT_VERSION = 5.0;
				TARGETED_DEVICE_FAMILY = "1,2";
			};
			name = Debug;
		};
		8361E04429E5522A00EE7D2B /* Release */ = {
			isa = XCBuildConfiguration;
			buildSettings = {
				ASSETCATALOG_COMPILER_APPICON_NAME = AppIcon;
				ASSETCATALOG_COMPILER_GLOBAL_ACCENT_COLOR_NAME = AccentColor;
				CODE_SIGN_STYLE = Automatic;
				CURRENT_PROJECT_VERSION = 1;
				DEVELOPMENT_TEAM = UF8VBT3FGJ;
				GENERATE_INFOPLIST_FILE = YES;
				INFOPLIST_FILE = Amigo/Ressources/Info.plist;
				INFOPLIST_KEY_UIApplicationSupportsIndirectInputEvents = YES;
				INFOPLIST_KEY_UILaunchStoryboardName = LaunchScreen;
				INFOPLIST_KEY_UIMainStoryboardFile = Main;
				INFOPLIST_KEY_UISupportedInterfaceOrientations = UIInterfaceOrientationPortrait;
				INFOPLIST_KEY_UISupportedInterfaceOrientations_iPad = "UIInterfaceOrientationLandscapeLeft UIInterfaceOrientationLandscapeRight UIInterfaceOrientationPortrait UIInterfaceOrientationPortraitUpsideDown";
				IPHONEOS_DEPLOYMENT_TARGET = 14.0;
				LD_RUNPATH_SEARCH_PATHS = (
					"$(inherited)",
					"@executable_path/Frameworks",
				);
				MARKETING_VERSION = 1.0;
				PRODUCT_BUNDLE_IDENTIFIER = com.mickaelhorn.Amigo;
				PRODUCT_NAME = "$(TARGET_NAME)";
				SWIFT_EMIT_LOC_STRINGS = YES;
				SWIFT_VERSION = 5.0;
				TARGETED_DEVICE_FAMILY = "1,2";
			};
			name = Release;
		};
/* End XCBuildConfiguration section */

/* Begin XCConfigurationList section */
		83124ADB2A166A5500565F24 /* Build configuration list for PBXNativeTarget "AmigoTests" */ = {
			isa = XCConfigurationList;
			buildConfigurations = (
				83124ADC2A166A5500565F24 /* Debug */,
				83124ADD2A166A5500565F24 /* Release */,
			);
			defaultConfigurationIsVisible = 0;
			defaultConfigurationName = Release;
		};
		8361E02929E5522900EE7D2B /* Build configuration list for PBXProject "Amigo" */ = {
			isa = XCConfigurationList;
			buildConfigurations = (
				8361E04029E5522A00EE7D2B /* Debug */,
				8361E04129E5522A00EE7D2B /* Release */,
			);
			defaultConfigurationIsVisible = 0;
			defaultConfigurationName = Release;
		};
		8361E04229E5522A00EE7D2B /* Build configuration list for PBXNativeTarget "Amigo" */ = {
			isa = XCConfigurationList;
			buildConfigurations = (
				8361E04329E5522A00EE7D2B /* Debug */,
				8361E04429E5522A00EE7D2B /* Release */,
			);
			defaultConfigurationIsVisible = 0;
			defaultConfigurationName = Release;
		};
/* End XCConfigurationList section */

/* Begin XCRemoteSwiftPackageReference section */
		8361E04929E585A400EE7D2B /* XCRemoteSwiftPackageReference "firebase-ios-sdk" */ = {
			isa = XCRemoteSwiftPackageReference;
			repositoryURL = "https://github.com/firebase/firebase-ios-sdk.git";
			requirement = {
				kind = upToNextMajorVersion;
				minimumVersion = 9.0.0;
			};
		};
/* End XCRemoteSwiftPackageReference section */

/* Begin XCSwiftPackageProductDependency section */
		8361E04A29E585A400EE7D2B /* FirebaseAnalytics */ = {
			isa = XCSwiftPackageProductDependency;
			package = 8361E04929E585A400EE7D2B /* XCRemoteSwiftPackageReference "firebase-ios-sdk" */;
			productName = FirebaseAnalytics;
		};
		8361E04C29E585A400EE7D2B /* FirebaseAnalyticsSwift */ = {
			isa = XCSwiftPackageProductDependency;
			package = 8361E04929E585A400EE7D2B /* XCRemoteSwiftPackageReference "firebase-ios-sdk" */;
			productName = FirebaseAnalyticsSwift;
		};
		8361E04E29E585A400EE7D2B /* FirebaseAuth */ = {
			isa = XCSwiftPackageProductDependency;
			package = 8361E04929E585A400EE7D2B /* XCRemoteSwiftPackageReference "firebase-ios-sdk" */;
			productName = FirebaseAuth;
		};
		8361E05029E585A400EE7D2B /* FirebaseCrashlytics */ = {
			isa = XCSwiftPackageProductDependency;
			package = 8361E04929E585A400EE7D2B /* XCRemoteSwiftPackageReference "firebase-ios-sdk" */;
			productName = FirebaseCrashlytics;
		};
		8361E05229E585A400EE7D2B /* FirebaseFirestore */ = {
			isa = XCSwiftPackageProductDependency;
			package = 8361E04929E585A400EE7D2B /* XCRemoteSwiftPackageReference "firebase-ios-sdk" */;
			productName = FirebaseFirestore;
		};
		8361E05429E585A400EE7D2B /* FirebaseFirestoreSwift */ = {
			isa = XCSwiftPackageProductDependency;
			package = 8361E04929E585A400EE7D2B /* XCRemoteSwiftPackageReference "firebase-ios-sdk" */;
			productName = FirebaseFirestoreSwift;
		};
		8361E05629E585A400EE7D2B /* FirebaseStorage */ = {
			isa = XCSwiftPackageProductDependency;
			package = 8361E04929E585A400EE7D2B /* XCRemoteSwiftPackageReference "firebase-ios-sdk" */;
			productName = FirebaseStorage;
		};
/* End XCSwiftPackageProductDependency section */
	};
	rootObject = 8361E02629E5522900EE7D2B /* Project object */;
}
